// !$*UTF8*$!
{
	archiveVersion = 1;
	classes = {
	};
	objectVersion = 77;
	objects = {

/* Begin PBXBuildFile section */
		05F71A4C373849DCD7DE926C /* Conversation.swift in Sources */ = {isa = PBXBuildFile; fileRef = 191963482837F5395E1E476C /* Conversation.swift */; };
		07A10C3DED924008BBCE3A7B /* ThemeManager.swift in Sources */ = {isa = PBXBuildFile; fileRef = E4B376C6596291DD074FF9C1 /* ThemeManager.swift */; };
		13FE7CFD38AA7AC057AB9907 /* ChatView.swift in Sources */ = {isa = PBXBuildFile; fileRef = AABE778CB10A0AFBE145A5CC /* ChatView.swift */; };
		2FE1D5B5BFBE6B16101986D5 /* ContentView.swift in Sources */ = {isa = PBXBuildFile; fileRef = 652BB247528DDCC3991282B4 /* ContentView.swift */; };
		30E52292722BD286F3C079C7 /* Assets.xcassets in Resources */ = {isa = PBXBuildFile; fileRef = 359F525188157E6EAA053F99 /* Assets.xcassets */; };
		336E9DD839C08C57AB523E3C /* MiMoChatApp.swift in Sources */ = {isa = PBXBuildFile; fileRef = 3BA4A8BEC258A4A840A72248 /* MiMoChatApp.swift */; };
		3AFD3AFE0CFEACF4DC4E2853 /* SettingsView.swift in Sources */ = {isa = PBXBuildFile; fileRef = BCD579398F04EE7D103E6116 /* SettingsView.swift */; };
		5B8ED85A965FFE2F158B4FD3 /* Extensions.swift in Sources */ = {isa = PBXBuildFile; fileRef = DCEB2E63D7E5DBABD5D57EE8 /* Extensions.swift */; };
		8D94D6B778C91E31C879FBFB /* Message.swift in Sources */ = {isa = PBXBuildFile; fileRef = 25802B931A314B4625326D2D /* Message.swift */; };
		A805381F2F824BB103B03DB5 /* ChatViewModel.swift in Sources */ = {isa = PBXBuildFile; fileRef = 38FA910BB7CC2EF256EA9C05 /* ChatViewModel.swift */; };
		B4BB946035BF65C6121FA40D /* MessageBubble.swift in Sources */ = {isa = PBXBuildFile; fileRef = 7D331CEE72BD0CDD5CF31CF3 /* MessageBubble.swift */; };
		BFB1CB8490DDD72E39428583 /* MiMoAPIService.swift in Sources */ = {isa = PBXBuildFile; fileRef = 92C18C560ACBDB183D27A40F /* MiMoAPIService.swift */; };
		D521B02497BE951698E253AB /* ChatInputView.swift in Sources */ = {isa = PBXBuildFile; fileRef = E335C5180B00DE3CD755E18D /* ChatInputView.swift */; };
		ECF981CCF7DBE9CB11C2B1F5 /* ConversationListView.swift in Sources */ = {isa = PBXBuildFile; fileRef = BC06F0423FAD74F5D49808E5 /* ConversationListView.swift */; };
/* End PBXBuildFile section */

/* Begin PBXFileReference section */
		191963482837F5395E1E476C /* Conversation.swift */ = {isa = PBXFileReference; lastKnownFileType = sourcecode.swift; path = Conversation.swift; sourceTree = "<group>"; };
		25802B931A314B4625326D2D /* Message.swift */ = {isa = PBXFileReference; lastKnownFileType = sourcecode.swift; path = Message.swift; sourceTree = "<group>"; };
		359F525188157E6EAA053F99 /* Assets.xcassets */ = {isa = PBXFileReference; lastKnownFileType = folder; name = Assets.xcassets; path = MiMoChat/Assets.xcassets; sourceTree = SOURCE_ROOT; };
		38FA910BB7CC2EF256EA9C05 /* ChatViewModel.swift */ = {isa = PBXFileReference; lastKnownFileType = sourcecode.swift; path = ChatViewModel.swift; sourceTree = "<group>"; };
		3BA4A8BEC258A4A840A72248 /* MiMoChatApp.swift */ = {isa = PBXFileReference; lastKnownFileType = sourcecode.swift; path = MiMoChatApp.swift; sourceTree = "<group>"; };
		652BB247528DDCC3991282B4 /* ContentView.swift */ = {isa = PBXFileReference; lastKnownFileType = sourcecode.swift; path = ContentView.swift; sourceTree = "<group>"; };
		7D331CEE72BD0CDD5CF31CF3 /* MessageBubble.swift */ = {isa = PBXFileReference; lastKnownFileType = sourcecode.swift; path = MessageBubble.swift; sourceTree = "<group>"; };
		92C18C560ACBDB183D27A40F /* MiMoAPIService.swift */ = {isa = PBXFileReference; lastKnownFileType = sourcecode.swift; path = MiMoAPIService.swift; sourceTree = "<group>"; };
		AABE778CB10A0AFBE145A5CC /* ChatView.swift */ = {isa = PBXFileReference; lastKnownFileType = sourcecode.swift; path = ChatView.swift; sourceTree = "<group>"; };
		B84C1B135931C2A17A6ADB83 /* Info.plist */ = {isa = PBXFileReference; lastKnownFileType = text.plist; path = Info.plist; sourceTree = "<group>"; };
		BC06F0423FAD74F5D49808E5 /* ConversationListView.swift */ = {isa = PBXFileReference; lastKnownFileType = sourcecode.swift; path = ConversationListView.swift; sourceTree = "<group>"; };
		BCD579398F04EE7D103E6116 /* SettingsView.swift */ = {isa = PBXFileReference; lastKnownFileType = sourcecode.swift; path = SettingsView.swift; sourceTree = "<group>"; };
		DCB40111A3B933BF90D05CBF /* MiMoChat.app */ = {isa = PBXFileReference; includeInIndex = 0; lastKnownFileType = wrapper.application; path = MiMoChat.app; sourceTree = BUILT_PRODUCTS_DIR; };
		DCEB2E63D7E5DBABD5D57EE8 /* Extensions.swift */ = {isa = PBXFileReference; lastKnownFileType = sourcecode.swift; path = Extensions.swift; sourceTree = "<group>"; };
		E335C5180B00DE3CD755E18D /* ChatInputView.swift */ = {isa = PBXFileReference; lastKnownFileType = sourcecode.swift; path = ChatInputView.swift; sourceTree = "<group>"; };
		E4B376C6596291DD074FF9C1 /* ThemeManager.swift */ = {isa = PBXFileReference; lastKnownFileType = sourcecode.swift; path = ThemeManager.swift; sourceTree = "<group>"; };
/* End PBXFileReference section */

/* Begin PBXGroup section */
		2185FE6DA164C4FA884A7B6E /* Products */ = {
			isa = PBXGroup;
			children = (
				DCB40111A3B933BF90D05CBF /* MiMoChat.app */,
			);
			name = Products;
			sourceTree = "<group>";
		};
		2930A5E5A2FEC39363A58C8C /* Models */ = {
			isa = PBXGroup;
			children = (
				191963482837F5395E1E476C /* Conversation.swift */,
				25802B931A314B4625326D2D /* Message.swift */,
			);
			path = Models;
			sourceTree = "<group>";
		};
		4BB28EE63BB86C8B7D3D2D80 = {
			isa = PBXGroup;
			children = (
				71672F2A3330489932C6C4C6 /* MiMoChat */,
				2185FE6DA164C4FA884A7B6E /* Products */,
			);
			sourceTree = "<group>";
		};
		71672F2A3330489932C6C4C6 /* MiMoChat */ = {
			isa = PBXGroup;
			children = (
				2930A5E5A2FEC39363A58C8C /* Models */,
				808A2B8170A5FA5EC201840B /* Services */,
				8DCC2C2F5126B3DE14C6F5EE /* Utilities */,
				B932DA9550D5636906BF5CB8 /* ViewModels */,
				FB4060D5EDADDEBFEA51D5E6 /* Views */,
				359F525188157E6EAA053F99 /* Assets.xcassets */,
				652BB247528DDCC3991282B4 /* ContentView.swift */,
				B84C1B135931C2A17A6ADB83 /* Info.plist */,
				3BA4A8BEC258A4A840A72248 /* MiMoChatApp.swift */,
			);
			path = MiMoChat;
			sourceTree = "<group>";
		};
		808A2B8170A5FA5EC201840B /* Services */ = {
			isa = PBXGroup;
			children = (
				92C18C560ACBDB183D27A40F /* MiMoAPIService.swift */,
			);
			path = Services;
			sourceTree = "<group>";
		};
		8DCC2C2F5126B3DE14C6F5EE /* Utilities */ = {
			isa = PBXGroup;
			children = (
				DCEB2E63D7E5DBABD5D57EE8 /* Extensions.swift */,
				E4B376C6596291DD074FF9C1 /* ThemeManager.swift */,
			);
			path = Utilities;
			sourceTree = "<group>";
		};
		B932DA9550D5636906BF5CB8 /* ViewModels */ = {
			isa = PBXGroup;
			children = (
				38FA910BB7CC2EF256EA9C05 /* ChatViewModel.swift */,
			);
			path = ViewModels;
			sourceTree = "<group>";
		};
		FB4060D5EDADDEBFEA51D5E6 /* Views */ = {
			isa = PBXGroup;
			children = (
				E335C5180B00DE3CD755E18D /* ChatInputView.swift */,
				AABE778CB10A0AFBE145A5CC /* ChatView.swift */,
				BC06F0423FAD74F5D49808E5 /* ConversationListView.swift */,
				7D331CEE72BD0CDD5CF31CF3 /* MessageBubble.swift */,
				BCD579398F04EE7D103E6116 /* SettingsView.swift */,
			);
			path = Views;
			sourceTree = "<group>";
		};
/* End PBXGroup section */

/* Begin PBXNativeTarget section */
		F122EE4D95259E883FB8D2D3 /* MiMoChat */ = {
			isa = PBXNativeTarget;
			buildConfigurationList = 60E036406A7C1974A253AFCA /* Build configuration list for PBXNativeTarget "MiMoChat" */;
			buildPhases = (
				B3E0E6E4245689979CDA53D9 /* Sources */,
				CAF0399175A82BD2B4FE3C40 /* Resources */,
			);
			buildRules = (
			);
			dependencies = (
			);
			name = MiMoChat;
			packageProductDependencies = (
			);
			productName = MiMoChat;
			productReference = DCB40111A3B933BF90D05CBF /* MiMoChat.app */;
			productType = "com.apple.product-type.application";
		};
/* End PBXNativeTarget section */

/* Begin PBXProject section */
		78C329872F9D1186D81FC929 /* Project object */ = {
			isa = PBXProject;
			attributes = {
				BuildIndependentTargetsInParallel = YES;
				LastUpgradeCheck = 1500;
			};
			buildConfigurationList = 3B28FFDF973C6E69A652E1C2 /* Build configuration list for PBXProject "MiMoChat" */;
			compatibilityVersion = "Xcode 14.0";
			developmentRegion = en;
			hasScannedForEncodings = 0;
			knownRegions = (
				Base,
				en,
			);
			mainGroup = 4BB28EE63BB86C8B7D3D2D80;
			minimizedProjectReferenceProxies = 1;
			preferredProjectObjectVersion = 77;
			projectDirPath = "";
			projectRoot = "";
			targets = (
				F122EE4D95259E883FB8D2D3 /* MiMoChat */,
			);
		};
/* End PBXProject section */

/* Begin PBXResourcesBuildPhase section */
		CAF0399175A82BD2B4FE3C40 /* Resources */ = {
			isa = PBXResourcesBuildPhase;
			buildActionMask = 2147483647;
			files = (
				30E52292722BD286F3C079C7 /* Assets.xcassets in Resources */,
			);
			runOnlyForDeploymentPostprocessing = 0;
		};
/* End PBXResourcesBuildPhase section */

/* Begin PBXSourcesBuildPhase section */
		B3E0E6E4245689979CDA53D9 /* Sources */ = {
			isa = PBXSourcesBuildPhase;
			buildActionMask = 2147483647;
			files = (
				D521B02497BE951698E253AB /* ChatInputView.swift in Sources */,
				13FE7CFD38AA7AC057AB9907 /* ChatView.swift in Sources */,
				A805381F2F824BB103B03DB5 /* ChatViewModel.swift in Sources */,
				2FE1D5B5BFBE6B16101986D5 /* ContentView.swift in Sources */,
				05F71A4C373849DCD7DE926C /* Conversation.swift in Sources */,
				ECF981CCF7DBE9CB11C2B1F5 /* ConversationListView.swift in Sources */,
				5B8ED85A965FFE2F158B4FD3 /* Extensions.swift in Sources */,
				8D94D6B778C91E31C879FBFB /* Message.swift in Sources */,
				B4BB946035BF65C6121FA40D /* MessageBubble.swift in Sources */,
				BFB1CB8490DDD72E39428583 /* MiMoAPIService.swift in Sources */,
				336E9DD839C08C57AB523E3C /* MiMoChatApp.swift in Sources */,
				3AFD3AFE0CFEACF4DC4E2853 /* SettingsView.swift in Sources */,
				07A10C3DED924008BBCE3A7B /* ThemeManager.swift in Sources */,
			);
			runOnlyForDeploymentPostprocessing = 0;
		};
/* End PBXSourcesBuildPhase section */

/* Begin XCBuildConfiguration section */
		2CABB2545160B986CDCA1B0C /* Release */ = {
			isa = XCBuildConfiguration;
			buildSettings = {
				ALWAYS_SEARCH_USER_PATHS = NO;
				CLANG_ANALYZER_NONNULL = YES;
				CLANG_ANALYZER_NUMBER_OBJECT_CONVERSION = YES_AGGRESSIVE;
				CLANG_CXX_LANGUAGE_STANDARD = "gnu++14";
				CLANG_CXX_LIBRARY = "libc++";
				CLANG_ENABLE_MODULES = YES;
				CLANG_ENABLE_OBJC_ARC = YES;
				CLANG_ENABLE_OBJC_WEAK = YES;
				CLANG_WARN_BLOCK_CAPTURE_AUTORELEASING = YES;
				CLANG_WARN_BOOL_CONVERSION = YES;
				CLANG_WARN_COMMA = YES;
				CLANG_WARN_CONSTANT_CONVERSION = YES;
				CLANG_WARN_DEPRECATED_OBJC_IMPLEMENTATIONS = YES;
				CLANG_WARN_DIRECT_OBJC_ISA_USAGE = YES_ERROR;
				CLANG_WARN_DOCUMENTATION_COMMENTS = YES;
				CLANG_WARN_EMPTY_BODY = YES;
				CLANG_WARN_ENUM_CONVERSION = YES;
				CLANG_WARN_INFINITE_RECURSION = YES;
				CLANG_WARN_INT_CONVERSION = YES;
				CLANG_WARN_NON_LITERAL_NULL_CONVERSION = YES;
				CLANG_WARN_OBJC_IMPLICIT_RETAIN_SELF = YES;
				CLANG_WARN_OBJC_LITERAL_CONVERSION = YES;
				CLANG_WARN_OBJC_ROOT_CLASS = YES_ERROR;
				CLANG_WARN_QUOTED_INCLUDE_IN_FRAMEWORK_HEADER = YES;
				CLANG_WARN_RANGE_LOOP_ANALYSIS = YES;
				CLANG_WARN_STRICT_PROTOTYPES = YES;
				CLANG_WARN_SUSPICIOUS_MOVE = YES;
				CLANG_WARN_UNGUARDED_AVAILABILITY = YES_AGGRESSIVE;
				CLANG_WARN_UNREACHABLE_CODE = YES;
				CLANG_WARN__DUPLICATE_METHOD_MATCH = YES;
				COPY_PHASE_STRIP = NO;
				DEBUG_INFORMATION_FORMAT = "dwarf-with-dsym";
				ENABLE_NS_ASSERTIONS = NO;
				ENABLE_STRICT_OBJC_MSGSEND = YES;
				GCC_C_LANGUAGE_STANDARD = gnu11;
				GCC_NO_COMMON_BLOCKS = YES;
				GCC_WARN_64_TO_32_BIT_CONVERSION = YES;
				GCC_WARN_ABOUT_RETURN_TYPE = YES_ERROR;
				GCC_WARN_UNDECLARED_SELECTOR = YES;
				GCC_WARN_UNINITIALIZED_AUTOS = YES_AGGRESSIVE;
				GCC_WARN_UNUSED_FUNCTION = YES;
				GCC_WARN_UNUSED_VARIABLE = YES;
				IPHONEOS_DEPLOYMENT_TARGET = 16.0;
				MTL_ENABLE_DEBUG_INFO = NO;
				MTL_FAST_MATH = YES;
				PRODUCT_NAME = "$(TARGET_NAME)";
				SDKROOT = iphoneos;
				SWIFT_COMPILATION_MODE = wholemodule;
				SWIFT_OPTIMIZATION_LEVEL = "-O";
				SWIFT_VERSION = 5.0;
			};
			name = Release;
		};
		6A061A748F8C2CB55CBAA355 /* Debug */ = {
			isa = XCBuildConfiguration;
			buildSettings = {
				ASSETCATALOG_COMPILER_APPICON_NAME = AppIcon;
				ASSETCATALOG_COMPILER_GLOBAL_ACCENT_COLOR_NAME = AccentColor;
				CODE_SIGN_IDENTITY = "iPhone Developer";
				CURRENT_PROJECT_VERSION = 1;
				GENERATE_INFOPLIST_FILE = YES;
				INFOPLIST_FILE = MiMoChat/Info.plist;
				INFOPLIST_KEY_CFBundleDisplayName = "MiMo AI";
				INFOPLIST_KEY_UIApplicationSceneManifest_Generation = YES;
				INFOPLIST_KEY_UIApplicationSupportsIndirectInputEvents = YES;
				INFOPLIST_KEY_UILaunchScreen_Generation = YES;
				INFOPLIST_KEY_UISupportedInterfaceOrientations_iPad = "UIInterfaceOrientationPortrait UIInterfaceOrientationPortraitUpsideDown UIInterfaceOrientationLandscapeLeft UIInterfaceOrientationLandscapeRight";
				INFOPLIST_KEY_UISupportedInterfaceOrientations_iPhone = "UIInterfaceOrientationPortrait UIInterfaceOrientationLandscapeLeft UIInterfaceOrientationLandscapeRight";
				LD_RUNPATH_SEARCH_PATHS = (
					"$(inherited)",
					"@executable_path/Frameworks",
				);
				MARKETING_VERSION = 1.0.0;
				PRODUCT_BUNDLE_IDENTIFIER = com.mimo.MiMoChat;
				SDKROOT = iphoneos;
				SWIFT_VERSION = 5.0;
				TARGETED_DEVICE_FAMILY = "1,2";
			};
			name = Debug;
		};
		D51F758614F281BCE713F0F6 /* Release */ = {
			isa = XCBuildConfiguration;
			buildSettings = {
				ASSETCATALOG_COMPILER_APPICON_NAME = AppIcon;
				ASSETCATALOG_COMPILER_GLOBAL_ACCENT_COLOR_NAME = AccentColor;
				CODE_SIGN_IDENTITY = "iPhone Developer";
				CURRENT_PROJECT_VERSION = 1;
				GENERATE_INFOPLIST_FILE = YES;
				INFOPLIST_FILE = MiMoChat/Info.plist;
				INFOPLIST_KEY_CFBundleDisplayName = "MiMo AI";
				INFOPLIST_KEY_UIApplicationSceneManifest_Generation = YES;
				INFOPLIST_KEY_UIApplicationSupportsIndirectInputEvents = YES;
				INFOPLIST_KEY_UILaunchScreen_Generation = YES;
				INFOPLIST_KEY_UISupportedInterfaceOrientations_iPad = "UIInterfaceOrientationPortrait UIInterfaceOrientationPortraitUpsideDown UIInterfaceOrientationLandscapeLeft UIInterfaceOrientationLandscapeRight";
				INFOPLIST_KEY_UISupportedInterfaceOrientations_iPhone = "UIInterfaceOrientationPortrait UIInterfaceOrientationLandscapeLeft UIInterfaceOrientationLandscapeRight";
				LD_RUNPATH_SEARCH_PATHS = (
					"$(inherited)",
					"@executable_path/Frameworks",
				);
				MARKETING_VERSION = 1.0.0;
				PRODUCT_BUNDLE_IDENTIFIER = com.mimo.MiMoChat;
				SDKROOT = iphoneos;
				SWIFT_VERSION = 5.0;
				TARGETED_DEVICE_FAMILY = "1,2";
			};
			name = Release;
		};
		F2648E38D7F0EAF807F88842 /* Debug */ = {
			isa = XCBuildConfiguration;
			buildSettings = {
				ALWAYS_SEARCH_USER_PATHS = NO;
				CLANG_ANALYZER_NONNULL = YES;
				CLANG_ANALYZER_NUMBER_OBJECT_CONVERSION = YES_AGGRESSIVE;
				CLANG_CXX_LANGUAGE_STANDARD = "gnu++14";
				CLANG_CXX_LIBRARY = "libc++";
				CLANG_ENABLE_MODULES = YES;
				CLANG_ENABLE_OBJC_ARC = YES;
				CLANG_ENABLE_OBJC_WEAK = YES;
				CLANG_WARN_BLOCK_CAPTURE_AUTORELEASING = YES;
				CLANG_WARN_BOOL_CONVERSION = YES;
				CLANG_WARN_COMMA = YES;
				CLANG_WARN_CONSTANT_CONVERSION = YES;
				CLANG_WARN_DEPRECATED_OBJC_IMPLEMENTATIONS = YES;
				CLANG_WARN_DIRECT_OBJC_ISA_USAGE = YES_ERROR;
				CLANG_WARN_DOCUMENTATION_COMMENTS = YES;
				CLANG_WARN_EMPTY_BODY = YES;
				CLANG_WARN_ENUM_CONVERSION = YES;
				CLANG_WARN_INFINITE_RECURSION = YES;
				CLANG_WARN_INT_CONVERSION = YES;
				CLANG_WARN_NON_LITERAL_NULL_CONVERSION = YES;
				CLANG_WARN_OBJC_IMPLICIT_RETAIN_SELF = YES;
				CLANG_WARN_OBJC_LITERAL_CONVERSION = YES;
				CLANG_WARN_OBJC_ROOT_CLASS = YES_ERROR;
				CLANG_WARN_QUOTED_INCLUDE_IN_FRAMEWORK_HEADER = YES;
				CLANG_WARN_RANGE_LOOP_ANALYSIS = YES;
				CLANG_WARN_STRICT_PROTOTYPES = YES;
				CLANG_WARN_SUSPICIOUS_MOVE = YES;
				CLANG_WARN_UNGUARDED_AVAILABILITY = YES_AGGRESSIVE;
				CLANG_WARN_UNREACHABLE_CODE = YES;
				CLANG_WARN__DUPLICATE_METHOD_MATCH = YES;
				COPY_PHASE_STRIP = NO;
				DEBUG_INFORMATION_FORMAT = dwarf;
				ENABLE_STRICT_OBJC_MSGSEND = YES;
				ENABLE_TESTABILITY = YES;
				GCC_C_LANGUAGE_STANDARD = gnu11;
				GCC_DYNAMIC_NO_PIC = NO;
				GCC_NO_COMMON_BLOCKS = YES;
				GCC_OPTIMIZATION_LEVEL = 0;
				GCC_PREPROCESSOR_DEFINITIONS = (
					"$(inherited)",
					"DEBUG=1",
				);
				GCC_WARN_64_TO_32_BIT_CONVERSION = YES;
				GCC_WARN_ABOUT_RETURN_TYPE = YES_ERROR;
				GCC_WARN_UNDECLARED_SELECTOR = YES;
				GCC_WARN_UNINITIALIZED_AUTOS = YES_AGGRESSIVE;
				GCC_WARN_UNUSED_FUNCTION = YES;
				GCC_WARN_UNUSED_VARIABLE = YES;
				IPHONEOS_DEPLOYMENT_TARGET = 16.0;
				MTL_ENABLE_DEBUG_INFO = INCLUDE_SOURCE;
				MTL_FAST_MATH = YES;
				ONLY_ACTIVE_ARCH = YES;
				PRODUCT_NAME = "$(TARGET_NAME)";
				SDKROOT = iphoneos;
				SWIFT_ACTIVE_COMPILATION_CONDITIONS = DEBUG;
				SWIFT_OPTIMIZATION_LEVEL = "-Onone";
				SWIFT_VERSION = 5.0;
			};
			name = Debug;
		};
/* End XCBuildConfiguration section */

/* Begin XCConfigurationList section */
		3B28FFDF973C6E69A652E1C2 /* Build configuration list for PBXProject "MiMoChat" */ = {
			isa = XCConfigurationList;
			buildConfigurations = (
				F2648E38D7F0EAF807F88842 /* Debug */,
				2CABB2545160B986CDCA1B0C /* Release */,
			);
			defaultConfigurationIsVisible = 0;
			defaultConfigurationName = Debug;
		};
		60E036406A7C1974A253AFCA /* Build configuration list for PBXNativeTarget "MiMoChat" */ = {
			isa = XCConfigurationList;
			buildConfigurations = (
				6A061A748F8C2CB55CBAA355 /* Debug */,
				D51F758614F281BCE713F0F6 /* Release */,
			);
			defaultConfigurationIsVisible = 0;
			defaultConfigurationName = Debug;
		};
/* End XCConfigurationList section */
	};
	rootObject = 78C329872F9D1186D81FC929 /* Project object */;
}
